
Microsoft Visual Studio Solution File, Format Version 12.00
# Visual Studio Version 16
VisualStudioVersion = 16.0.28917.181
MinimumVisualStudioVersion = 10.0.40219.1
Project("{FAE04EC0-301F-11D3-BF4B-00C04F79EFBC}") = "ProgressBar", "ProgressBar\ProgressBar.csproj", "{44819BF1-394C-42FA-ADA5-B1F6F6CD8F03}"
EndProject
Global
	GlobalSection(SolutionConfigurationPlatforms) = preSolution
		Debug|Any CPU = Debug|Any CPU
		Release|Any CPU = Release|Any CPU
	EndGlobalSection
	GlobalSection(ProjectConfigurationPlatforms) = postSolution
		{44819BF1-394C-42FA-ADA5-B1F6F6CD8F03}.Debug|Any CPU.ActiveCfg = Debug|Any CPU
		{44819BF1-394C-42FA-ADA5-B1F6F6CD8F03}.Debug|Any CPU.Build.0 = Debug|Any CPU
		{44819BF1-394C-42FA-ADA5-B1F6F6CD8F03}.Release|Any CPU.ActiveCfg = Release|Any CPU
		{44819BF1-394C-42FA-ADA5-B1F6F6CD8F03}.Release|Any CPU.Build.0 = Release|Any CPU
	EndGlobalSection
	GlobalSection(SolutionProperties) = preSolution
		HideSolutionNode = FALSE
	EndGlobalSection
	GlobalSection(ExtensibilityGlobals) = postSolution
		SolutionGuid = {C6201766-5DE7-441D-95CF-B0B725D4F9DE}
	EndGlobalSection
EndGlobal
